
Microsoft Visual Studio Solution File, Format Version 12.00
# Visual Studio 15
VisualStudioVersion = 15.0.28307.572
MinimumVisualStudioVersion = 10.0.40219.1
Project("{FAE04EC0-301F-11D3-BF4B-00C04F79EFBC}") = "DatingApp.API", "DatingApp.API\DatingApp.API.csproj", "{728EE9B3-14F6-4B4A-AF8A-BD26B398B1CD}"
EndProject
Global
	GlobalSection(SolutionConfigurationPlatforms) = preSolution
		Debug|Any CPU = Debug|Any CPU
		Release|Any CPU = Release|Any CPU
	EndGlobalSection
	GlobalSection(ProjectConfigurationPlatforms) = postSolution
		{728EE9B3-14F6-4B4A-AF8A-BD26B398B1CD}.Debug|Any CPU.ActiveCfg = Debug|Any CPU
		{728EE9B3-14F6-4B4A-AF8A-BD26B398B1CD}.Debug|Any CPU.Build.0 = Debug|Any CPU
		{728EE9B3-14F6-4B4A-AF8A-BD26B398B1CD}.Release|Any CPU.ActiveCfg = Release|Any CPU
		{728EE9B3-14F6-4B4A-AF8A-BD26B398B1CD}.Release|Any CPU.Build.0 = Release|Any CPU
	EndGlobalSection
	GlobalSection(SolutionProperties) = preSolution
		HideSolutionNode = FALSE
	EndGlobalSection
	GlobalSection(ExtensibilityGlobals) = postSolution
		SolutionGuid = {5F634B20-49D1-497E-B680-E87181E0DE63}
	EndGlobalSection
EndGlobal
